// !$*UTF8*$!
{
	archiveVersion = 1;
	classes = {
	};
	objectVersion = 70;
	objects = {

/* Begin PBXBuildFile section */
		202D162C2E05535400493124 /* ChatView2.swift in Sources */ = {isa = PBXBuildFile; fileRef = 202D162B2E05535400493124 /* ChatView2.swift */; };
		202D162E2E06648800493124 /* ChatHistoryManager.swift in Sources */ = {isa = PBXBuildFile; fileRef = 202D162D2E06648800493124 /* ChatHistoryManager.swift */; };
		202D162F2E06648900493124 /* ChatHistory.swift in Sources */ = {isa = PBXBuildFile; fileRef = 202D16302E06648900493124 /* ChatHistory.swift */; };
		202D16A12E0FD7DD00493124 /* MarkdownUI in Frameworks */ = {isa = PBXBuildFile; productRef = 202D16A02E0FD7DD00493124 /* MarkdownUI */; };
		209320552E126A05003AF64D /* SettingsView.swift in Sources */ = {isa = PBXBuildFile; fileRef = 209320542E126A05003AF64D /* SettingsView.swift */; };
		20DE190D2DF8578400CD902D /* FilesView.swift in Sources */ = {isa = PBXBuildFile; fileRef = 20DE190C2DF8578300CD902D /* FilesView.swift */; };
		20DE193B2E0046F900CD902D /* MenuView.swift in Sources */ = {isa = PBXBuildFile; fileRef = 20DE193A2E0046F900CD902D /* MenuView.swift */; };
		20DE193D2E0049FD00CD902D /* MainView.swift in Sources */ = {isa = PBXBuildFile; fileRef = 20DE193C2E0049FD00CD902D /* MainView.swift */; };
		20DE193F2E004C5600CD902D /* ChatView.swift in Sources */ = {isa = PBXBuildFile; fileRef = 20DE193E2E004C5600CD902D /* ChatView.swift */; };
		20F223FD2DF1DF0B0046CA52 /* CalendarMCP.swift in Sources */ = {isa = PBXBuildFile; fileRef = 20F223FC2DF1DF0B0046CA52 /* CalendarMCP.swift */; };
		20F2241E2DF2171A0046CA52 /* WorkflowViews.swift in Sources */ = {isa = PBXBuildFile; fileRef = 20F2241D2DF2171A0046CA52 /* WorkflowViews.swift */; };
		30F224202E0665A000493124 /* ChatItemView.swift in Sources */ = {isa = PBXBuildFile; fileRef = 30F224212E0665A000493124 /* ChatItemView.swift */; };
		30F224222E0665B000493124 /* WorkflowStepItemView.swift in Sources */ = {isa = PBXBuildFile; fileRef = 30F224232E0665B000493124 /* WorkflowStepItemView.swift */; };
		30F224242E0665C000493124 /* CalendarEventComponents.swift in Sources */ = {isa = PBXBuildFile; fileRef = 30F224252E0665C000493124 /* CalendarEventComponents.swift */; };
		30F224262E0665D000493124 /* ErrorDetailView.swift in Sources */ = {isa = PBXBuildFile; fileRef = 30F224272E0665D000493124 /* ErrorDetailView.swift */; };
		"683BC89D-7EA2-47F9-8986-4B26D5612374" /* MemoryMCP.swift in Sources */ = {isa = PBXBuildFile; fileRef = "51BBD625-41CD-4494-AB9D-A5080E29C31D" /* MemoryMCP.swift */; };
		68DAE446DBF74C619CB482A0 /* SystemMessage.md in Resources */ = {isa = PBXBuildFile; fileRef = 68DAE446DBF74C619CB482A1 /* SystemMessage.md */; };
		A1000001000000000000001 /* MoriApp.swift in Sources */ = {isa = PBXBuildFile; fileRef = A1000002000000000000001 /* MoriApp.swift */; };
		A1000003000000000000001 /* ContentView.swift in Sources */ = {isa = PBXBuildFile; fileRef = A1000004000000000000001 /* ContentView.swift */; };
		A1000005000000000000001 /* OnboardingView.swift in Sources */ = {isa = PBXBuildFile; fileRef = A1000006000000000000001 /* OnboardingView.swift */; };
		A1000009000000000000001 /* AudioRecorder.swift in Sources */ = {isa = PBXBuildFile; fileRef = A1000010000000000000001 /* AudioRecorder.swift */; };
		A1000011000000000000001 /* LLMAIService.swift in Sources */ = {isa = PBXBuildFile; fileRef = A1000012000000000000001 /* LLMAIService.swift */; };
		A1000013000000000000001 /* ChatMessage.swift in Sources */ = {isa = PBXBuildFile; fileRef = A1000014000000000000001 /* ChatMessage.swift */; };
		A1000015000000000000001 /* Assets.xcassets in Resources */ = {isa = PBXBuildFile; fileRef = A1000016000000000000001 /* Assets.xcassets */; };
		A1000017000000000000001 /* Preview Assets.xcassets in Resources */ = {isa = PBXBuildFile; fileRef = A1000018000000000000001 /* Preview Assets.xcassets */; };
		A2000001000000000000001 /* AudioRecordingManager.swift in Sources */ = {isa = PBXBuildFile; fileRef = A2000002000000000000001 /* AudioRecordingManager.swift */; };
		A2000003000000000000001 /* AudioRecordingButton.swift in Sources */ = {isa = PBXBuildFile; fileRef = A2000004000000000000001 /* AudioRecordingButton.swift */; };
		A3000003000000000000001 /* ThemeManager.swift in Sources */ = {isa = PBXBuildFile; fileRef = A3000001000000000000001 /* ThemeManager.swift */; };
/* End PBXBuildFile section */

/* Begin PBXContainerItemProxy section */
		20F224162DF1EAE40046CA52 /* PBXContainerItemProxy */ = {
			isa = PBXContainerItemProxy;
			containerPortal = A1000033000000000000001 /* Project object */;
			proxyType = 1;
			remoteGlobalIDString = A1000029000000000000001;
			remoteInfo = Mori;
		};
/* End PBXContainerItemProxy section */

/* Begin PBXFileReference section */
		202D16182E051A9E00493124 /* Mori.entitlements */ = {isa = PBXFileReference; lastKnownFileType = text.plist.entitlements; path = Mori.entitlements; sourceTree = "<group>"; };
		202D162B2E05535400493124 /* ChatView2.swift */ = {isa = PBXFileReference; lastKnownFileType = sourcecode.swift; path = ChatView2.swift; sourceTree = "<group>"; };
		202D162D2E06648800493124 /* ChatHistoryManager.swift */ = {isa = PBXFileReference; lastKnownFileType = sourcecode.swift; path = ChatHistoryManager.swift; sourceTree = "<group>"; };
		202D16302E06648900493124 /* ChatHistory.swift */ = {isa = PBXFileReference; lastKnownFileType = sourcecode.swift; path = ChatHistory.swift; sourceTree = "<group>"; };
		209320542E126A05003AF64D /* SettingsView.swift */ = {isa = PBXFileReference; lastKnownFileType = sourcecode.swift; path = SettingsView.swift; sourceTree = "<group>"; };
		20DE190C2DF8578300CD902D /* FilesView.swift */ = {isa = PBXFileReference; lastKnownFileType = sourcecode.swift; path = FilesView.swift; sourceTree = "<group>"; };
		20DE193A2E0046F900CD902D /* MenuView.swift */ = {isa = PBXFileReference; lastKnownFileType = sourcecode.swift; path = MenuView.swift; sourceTree = "<group>"; };
		20DE193C2E0049FD00CD902D /* MainView.swift */ = {isa = PBXFileReference; lastKnownFileType = sourcecode.swift; path = MainView.swift; sourceTree = "<group>"; };
		20DE193E2E004C5600CD902D /* ChatView.swift */ = {isa = PBXFileReference; lastKnownFileType = sourcecode.swift; path = ChatView.swift; sourceTree = "<group>"; };
		20F223FC2DF1DF0B0046CA52 /* CalendarMCP.swift */ = {isa = PBXFileReference; lastKnownFileType = sourcecode.swift; path = CalendarMCP.swift; sourceTree = "<group>"; };
		20F224122DF1EAE40046CA52 /* MoriTests.xctest */ = {isa = PBXFileReference; explicitFileType = wrapper.cfbundle; includeInIndex = 0; path = MoriTests.xctest; sourceTree = BUILT_PRODUCTS_DIR; };
		20F2241D2DF2171A0046CA52 /* WorkflowViews.swift */ = {isa = PBXFileReference; lastKnownFileType = sourcecode.swift; path = WorkflowViews.swift; sourceTree = "<group>"; };
		30F224212E0665A000493124 /* ChatItemView.swift */ = {isa = PBXFileReference; lastKnownFileType = sourcecode.swift; path = ChatItemView.swift; sourceTree = "<group>"; };
		30F224232E0665B000493124 /* WorkflowStepItemView.swift */ = {isa = PBXFileReference; lastKnownFileType = sourcecode.swift; path = WorkflowStepItemView.swift; sourceTree = "<group>"; };
		30F224252E0665C000493124 /* CalendarEventComponents.swift */ = {isa = PBXFileReference; lastKnownFileType = sourcecode.swift; path = CalendarEventComponents.swift; sourceTree = "<group>"; };
		30F224272E0665D000493124 /* ErrorDetailView.swift */ = {isa = PBXFileReference; lastKnownFileType = sourcecode.swift; path = ErrorDetailView.swift; sourceTree = "<group>"; };
		"51BBD625-41CD-4494-AB9D-A5080E29C31D" /* MemoryMCP.swift */ = {isa = PBXFileReference; lastKnownFileType = sourcecode.swift; path = MemoryMCP.swift; sourceTree = "<group>"; };
		68DAE446DBF74C619CB482A1 /* SystemMessage.md */ = {isa = PBXFileReference; lastKnownFileType = net.daringfireball.markdown; path = SystemMessage.md; sourceTree = "<group>"; };
		A1000002000000000000001 /* MoriApp.swift */ = {isa = PBXFileReference; lastKnownFileType = sourcecode.swift; path = MoriApp.swift; sourceTree = "<group>"; };
		A1000004000000000000001 /* ContentView.swift */ = {isa = PBXFileReference; lastKnownFileType = sourcecode.swift; path = ContentView.swift; sourceTree = "<group>"; };
		A1000006000000000000001 /* OnboardingView.swift */ = {isa = PBXFileReference; lastKnownFileType = sourcecode.swift; path = OnboardingView.swift; sourceTree = "<group>"; };
		A1000010000000000000001 /* AudioRecorder.swift */ = {isa = PBXFileReference; lastKnownFileType = sourcecode.swift; path = AudioRecorder.swift; sourceTree = "<group>"; };
		A1000012000000000000001 /* LLMAIService.swift */ = {isa = PBXFileReference; lastKnownFileType = sourcecode.swift; path = LLMAIService.swift; sourceTree = "<group>"; };
		A1000014000000000000001 /* ChatMessage.swift */ = {isa = PBXFileReference; lastKnownFileType = sourcecode.swift; path = ChatMessage.swift; sourceTree = "<group>"; };
		A1000016000000000000001 /* Assets.xcassets */ = {isa = PBXFileReference; lastKnownFileType = folder.assetcatalog; path = Assets.xcassets; sourceTree = "<group>"; };
		A1000018000000000000001 /* Preview Assets.xcassets */ = {isa = PBXFileReference; lastKnownFileType = folder.assetcatalog; path = "Preview Assets.xcassets"; sourceTree = "<group>"; };
		A1000019000000000000001 /* Mori.app */ = {isa = PBXFileReference; explicitFileType = wrapper.application; includeInIndex = 0; path = Mori.app; sourceTree = BUILT_PRODUCTS_DIR; };
		A1000020000000000000001 /* Info.plist */ = {isa = PBXFileReference; lastKnownFileType = text.plist.xml; path = Info.plist; sourceTree = "<group>"; };
		A2000002000000000000001 /* AudioRecordingManager.swift */ = {isa = PBXFileReference; lastKnownFileType = sourcecode.swift; path = AudioRecordingManager.swift; sourceTree = "<group>"; };
		A2000004000000000000001 /* AudioRecordingButton.swift */ = {isa = PBXFileReference; lastKnownFileType = sourcecode.swift; path = AudioRecordingButton.swift; sourceTree = "<group>"; };
		A3000001000000000000001 /* ThemeManager.swift */ = {isa = PBXFileReference; lastKnownFileType = sourcecode.swift; path = ThemeManager.swift; sourceTree = "<group>"; };
/* End PBXFileReference section */

/* Begin PBXFileSystemSynchronizedRootGroup section */
		20F224132DF1EAE40046CA52 /* MoriTests */ = {isa = PBXFileSystemSynchronizedRootGroup; explicitFileTypes = {}; explicitFolders = (); path = MoriTests; sourceTree = "<group>"; };
/* End PBXFileSystemSynchronizedRootGroup section */

/* Begin PBXFrameworksBuildPhase section */
		20F2240F2DF1EAE40046CA52 /* Frameworks */ = {
			isa = PBXFrameworksBuildPhase;
			buildActionMask = 2147483647;
			files = (
			);
			runOnlyForDeploymentPostprocessing = 0;
		};
		A1000021000000000000001 /* Frameworks */ = {
			isa = PBXFrameworksBuildPhase;
			buildActionMask = 2147483647;
			files = (
				202D16A12E0FD7DD00493124 /* MarkdownUI in Frameworks */,
			);
			runOnlyForDeploymentPostprocessing = 0;
		};
/* End PBXFrameworksBuildPhase section */

/* Begin PBXGroup section */
		30F224282E0665E000493124 /* Components */ = {
			isa = PBXGroup;
			children = (
				30F224212E0665A000493124 /* ChatItemView.swift */,
				30F224232E0665B000493124 /* WorkflowStepItemView.swift */,
				30F224252E0665C000493124 /* CalendarEventComponents.swift */,
				30F224272E0665D000493124 /* ErrorDetailView.swift */,
				A2000004000000000000001 /* AudioRecordingButton.swift */,
			);
			path = Components;
			sourceTree = "<group>";
		};
		A1000022000000000000001 = {
			isa = PBXGroup;
			children = (
				A1000023000000000000001 /* Mori */,
				20F224132DF1EAE40046CA52 /* MoriTests */,
				A1000024000000000000001 /* Products */,
			);
			sourceTree = "<group>";
		};
		A1000023000000000000001 /* Mori */ = {
			isa = PBXGroup;
			children = (
				202D16182E051A9E00493124 /* Mori.entitlements */,
				A1000002000000000000001 /* MoriApp.swift */,
				A1000004000000000000001 /* ContentView.swift */,
				68DAE446DBF74C619CB482A1 /* SystemMessage.md */,
				A1000025000000000000001 /* Views */,
				A1000026000000000000001 /* Services */,
				A1000027000000000000001 /* Models */,
				A1000016000000000000001 /* Assets.xcassets */,
				A1000020000000000000001 /* Info.plist */,
				A1000028000000000000001 /* Preview Content */,
			);
			path = Mori;
			sourceTree = "<group>";
		};
		A1000024000000000000001 /* Products */ = {
			isa = PBXGroup;
			children = (
				A1000019000000000000001 /* Mori.app */,
				20F224122DF1EAE40046CA52 /* MoriTests.xctest */,
			);
			name = Products;
			sourceTree = "<group>";
		};
		A1000025000000000000001 /* Views */ = {
			isa = PBXGroup;
			children = (
				202D162B2E05535400493124 /* ChatView2.swift */,
				20F2241D2DF2171A0046CA52 /* WorkflowViews.swift */,
				A1000006000000000000001 /* OnboardingView.swift */,
				209320542E126A05003AF64D /* SettingsView.swift */,
				20DE190C2DF8578300CD902D /* FilesView.swift */,
				20DE193A2E0046F900CD902D /* MenuView.swift */,
				20DE193C2E0049FD00CD902D /* MainView.swift */,
				20DE193E2E004C5600CD902D /* ChatView.swift */,
				30F224282E0665E000493124 /* Components */,
			);
			path = Views;
			sourceTree = "<group>";
		};
		A1000026000000000000001 /* Services */ = {
			isa = PBXGroup;
			children = (
				A1000010000000000000001 /* AudioRecorder.swift */,
				A1000012000000000000001 /* LLMAIService.swift */,
				20F223FC2DF1DF0B0046CA52 /* CalendarMCP.swift */,
				"51BBD625-41CD-4494-AB9D-A5080E29C31D" /* MemoryMCP.swift */,
				202D162D2E06648800493124 /* ChatHistoryManager.swift */,
				A2000002000000000000001 /* AudioRecordingManager.swift */,
			);
			path = Services;
			sourceTree = "<group>";
		};
		A1000027000000000000001 /* Models */ = {
			isa = PBXGroup;
			children = (
				A1000014000000000000001 /* ChatMessage.swift */,
				202D16302E06648900493124 /* ChatHistory.swift */,
				A3000001000000000000001 /* ThemeManager.swift */,
			);
			path = Models;
			sourceTree = "<group>";
		};
		A1000028000000000000001 /* Preview Content */ = {
			isa = PBXGroup;
			children = (
				A1000018000000000000001 /* Preview Assets.xcassets */,
			);
			path = "Preview Content";
			sourceTree = "<group>";
		};
/* End PBXGroup section */

/* Begin PBXNativeTarget section */
		20F224112DF1EAE40046CA52 /* MoriTests */ = {
			isa = PBXNativeTarget;
			buildConfigurationList = 20F224182DF1EAE40046CA52 /* Build configuration list for PBXNativeTarget "MoriTests" */;
			buildPhases = (
				20F2240E2DF1EAE40046CA52 /* Sources */,
				20F2240F2DF1EAE40046CA52 /* Frameworks */,
				20F224102DF1EAE40046CA52 /* Resources */,
			);
			buildRules = (
			);
			dependencies = (
				20F224172DF1EAE40046CA52 /* PBXTargetDependency */,
			);
			fileSystemSynchronizedGroups = (
				20F224132DF1EAE40046CA52 /* MoriTests */,
			);
			name = MoriTests;
			packageProductDependencies = (
			);
			productName = MoriTests;
			productReference = 20F224122DF1EAE40046CA52 /* MoriTests.xctest */;
			productType = "com.apple.product-type.bundle.unit-test";
		};
		A1000029000000000000001 /* Mori */ = {
			isa = PBXNativeTarget;
			buildConfigurationList = A1000030000000000000001 /* Build configuration list for PBXNativeTarget "Mori" */;
			buildPhases = (
				A1000031000000000000001 /* Sources */,
				A1000021000000000000001 /* Frameworks */,
				A1000032000000000000001 /* Resources */,
			);
			buildRules = (
			);
			dependencies = (
			);
			name = Mori;
			productName = Mori;
			productReference = A1000019000000000000001 /* Mori.app */;
			productType = "com.apple.product-type.application";
		};
/* End PBXNativeTarget section */

/* Begin PBXProject section */
		A1000033000000000000001 /* Project object */ = {
			isa = PBXProject;
			attributes = {
				BuildIndependentTargetsInParallel = 1;
				LastSwiftUpdateCheck = 1640;
				LastUpgradeCheck = 1500;
				TargetAttributes = {
					20F224112DF1EAE40046CA52 = {
						CreatedOnToolsVersion = 16.4;
						TestTargetID = A1000029000000000000001;
					};
					A1000029000000000000001 = {
						CreatedOnToolsVersion = 15.0;
					};
				};
			};
			buildConfigurationList = A1000034000000000000001 /* Build configuration list for PBXProject "Mori" */;
			compatibilityVersion = "Xcode 14.0";
			developmentRegion = en;
			hasScannedForEncodings = 0;
			knownRegions = (
				en,
				Base,
			);
			mainGroup = A1000022000000000000001;
			packageReferences = (
				202D169F2E0FD77300493124 /* XCRemoteSwiftPackageReference "swift-markdown-ui" */,
			);
			productRefGroup = A1000024000000000000001 /* Products */;
			projectDirPath = "";
			projectRoot = "";
			targets = (
				A1000029000000000000001 /* Mori */,
				20F224112DF1EAE40046CA52 /* MoriTests */,
			);
		};
/* End PBXProject section */

/* Begin PBXResourcesBuildPhase section */
		20F224102DF1EAE40046CA52 /* Resources */ = {
			isa = PBXResourcesBuildPhase;
			buildActionMask = 2147483647;
			files = (
			);
			runOnlyForDeploymentPostprocessing = 0;
		};
		A1000032000000000000001 /* Resources */ = {
			isa = PBXResourcesBuildPhase;
			buildActionMask = 2147483647;
			files = (
				A1000017000000000000001 /* Preview Assets.xcassets in Resources */,
				A1000015000000000000001 /* Assets.xcassets in Resources */,
				68DAE446DBF74C619CB482A0 /* SystemMessage.md in Resources */,
			);
			runOnlyForDeploymentPostprocessing = 0;
		};
/* End PBXResourcesBuildPhase section */

/* Begin PBXSourcesBuildPhase section */
		20F2240E2DF1EAE40046CA52 /* Sources */ = {
			isa = PBXSourcesBuildPhase;
			buildActionMask = 2147483647;
			files = (
			);
			runOnlyForDeploymentPostprocessing = 0;
		};
		A1000031000000000000001 /* Sources */ = {
			isa = PBXSourcesBuildPhase;
			buildActionMask = 2147483647;
			files = (
				202D162C2E05535400493124 /* ChatView2.swift in Sources */,
				A1000003000000000000001 /* ContentView.swift in Sources */,
				20DE193D2E0049FD00CD902D /* MainView.swift in Sources */,
				A1000005000000000000001 /* OnboardingView.swift in Sources */,
				202D162E2E06648800493124 /* ChatHistoryManager.swift in Sources */,
				A1000009000000000000001 /* AudioRecorder.swift in Sources */,
				20DE193F2E004C5600CD902D /* ChatView.swift in Sources */,
				20DE190D2DF8578400CD902D /* FilesView.swift in Sources */,
				A1000011000000000000001 /* LLMAIService.swift in Sources */,
				20F2241E2DF2171A0046CA52 /* WorkflowViews.swift in Sources */,
				30F224202E0665A000493124 /* ChatItemView.swift in Sources */,
				30F224222E0665B000493124 /* WorkflowStepItemView.swift in Sources */,
				30F224242E0665C000493124 /* CalendarEventComponents.swift in Sources */,
				30F224262E0665D000493124 /* ErrorDetailView.swift in Sources */,
				20DE193B2E0046F900CD902D /* MenuView.swift in Sources */,
				A1000013000000000000001 /* ChatMessage.swift in Sources */,
				202D162F2E06648900493124 /* ChatHistory.swift in Sources */,
				20F223FD2DF1DF0B0046CA52 /* CalendarMCP.swift in Sources */,
				"683BC89D-7EA2-47F9-8986-4B26D5612374" /* MemoryMCP.swift in Sources */,
				A1000001000000000000001 /* MoriApp.swift in Sources */,
				A2000001000000000000001 /* AudioRecordingManager.swift in Sources */,
				A2000003000000000000001 /* AudioRecordingButton.swift in Sources */,
				209320552E126A05003AF64D /* SettingsView.swift in Sources */,
				A3000003000000000000001 /* ThemeManager.swift in Sources */,
			);
			runOnlyForDeploymentPostprocessing = 0;
		};
/* End PBXSourcesBuildPhase section */

/* Begin PBXTargetDependency section */
		20F224172DF1EAE40046CA52 /* PBXTargetDependency */ = {
			isa = PBXTargetDependency;
			target = A1000029000000000000001 /* Mori */;
			targetProxy = 20F224162DF1EAE40046CA52 /* PBXContainerItemProxy */;
		};
/* End PBXTargetDependency section */

/* Begin XCBuildConfiguration section */
		20F224192DF1EAE40046CA52 /* Debug */ = {
			isa = XCBuildConfiguration;
			buildSettings = {
				BUNDLE_LOADER = "$(TEST_HOST)";
				CODE_SIGN_STYLE = Automatic;
				CURRENT_PROJECT_VERSION = 1;
				DEVELOPMENT_TEAM = NP667JFK84;
				GENERATE_INFOPLIST_FILE = YES;
				IPHONEOS_DEPLOYMENT_TARGET = 18.4;
				MARKETING_VERSION = 0.1.4;
				PRODUCT_BUNDLE_IDENTIFIER = com.meogic.MoriTests;
				PRODUCT_NAME = "$(TARGET_NAME)";
				SWIFT_EMIT_LOC_STRINGS = NO;
				SWIFT_VERSION = 5.0;
				TARGETED_DEVICE_FAMILY = "1,2";
				TEST_HOST = "$(BUILT_PRODUCTS_DIR)/Mori.app/$(BUNDLE_EXECUTABLE_FOLDER_PATH)/Mori";
			};
			name = Debug;
		};
		20F2241A2DF1EAE40046CA52 /* Release */ = {
			isa = XCBuildConfiguration;
			buildSettings = {
				BUNDLE_LOADER = "$(TEST_HOST)";
				CODE_SIGN_STYLE = Automatic;
				CURRENT_PROJECT_VERSION = 1;
				DEVELOPMENT_TEAM = NP667JFK84;
				GENERATE_INFOPLIST_FILE = YES;
				IPHONEOS_DEPLOYMENT_TARGET = 18.4;
				MARKETING_VERSION = 0.1.4;
				PRODUCT_BUNDLE_IDENTIFIER = com.meogic.MoriTests;
				PRODUCT_NAME = "$(TARGET_NAME)";
				SWIFT_EMIT_LOC_STRINGS = NO;
				SWIFT_VERSION = 5.0;
				TARGETED_DEVICE_FAMILY = "1,2";
				TEST_HOST = "$(BUILT_PRODUCTS_DIR)/Mori.app/$(BUNDLE_EXECUTABLE_FOLDER_PATH)/Mori";
			};
			name = Release;
		};
		A1000035000000000000001 /* Debug */ = {
			isa = XCBuildConfiguration;
			buildSettings = {
				ALWAYS_SEARCH_USER_PATHS = NO;
				ASSETCATALOG_COMPILER_GENERATE_SWIFT_ASSET_SYMBOL_EXTENSIONS = YES;
				CLANG_ANALYZER_NONNULL = YES;
				CLANG_ANALYZER_NUMBER_OBJECT_CONVERSION = YES_AGGRESSIVE;
				CLANG_CXX_LANGUAGE_STANDARD = "gnu++20";
				CLANG_ENABLE_MODULES = YES;
				CLANG_ENABLE_OBJC_ARC = YES;
				CLANG_ENABLE_OBJC_WEAK = YES;
				CLANG_WARN_BLOCK_CAPTURE_AUTORELEASING = YES;
				CLANG_WARN_BOOL_CONVERSION = YES;
				CLANG_WARN_COMMA = YES;
				CLANG_WARN_CONSTANT_CONVERSION = YES;
				CLANG_WARN_DEPRECATED_OBJC_IMPLEMENTATIONS = YES;
				CLANG_WARN_DIRECT_OBJC_ISA_USAGE = YES_ERROR;
				CLANG_WARN_DOCUMENTATION_COMMENTS = YES;
				CLANG_WARN_EMPTY_BODY = YES;
				CLANG_WARN_ENUM_CONVERSION = YES;
				CLANG_WARN_INFINITE_RECURSION = YES;
				CLANG_WARN_INT_CONVERSION = YES;
				CLANG_WARN_NON_LITERAL_NULL_CONVERSION = YES;
				CLANG_WARN_OBJC_IMPLICIT_RETAIN_SELF = YES;
				CLANG_WARN_OBJC_LITERAL_CONVERSION = YES;
				CLANG_WARN_OBJC_ROOT_CLASS = YES_ERROR;
				CLANG_WARN_QUOTED_INCLUDE_IN_FRAMEWORK_HEADER = YES;
				CLANG_WARN_RANGE_LOOP_ANALYSIS = YES;
				CLANG_WARN_STRICT_PROTOTYPES = YES;
				CLANG_WARN_SUSPICIOUS_MOVE = YES;
				CLANG_WARN_UNGUARDED_AVAILABILITY = YES_AGGRESSIVE;
				CLANG_WARN_UNREACHABLE_CODE = YES;
				CLANG_WARN__DUPLICATE_METHOD_MATCH = YES;
				COPY_PHASE_STRIP = NO;
				DEBUG_INFORMATION_FORMAT = dwarf;
				ENABLE_STRICT_OBJC_MSGSEND = YES;
				ENABLE_TESTABILITY = YES;
				ENABLE_USER_SCRIPT_SANDBOXING = YES;
				GCC_C_LANGUAGE_STANDARD = gnu17;
				GCC_DYNAMIC_NO_PIC = NO;
				GCC_NO_COMMON_BLOCKS = YES;
				GCC_OPTIMIZATION_LEVEL = 0;
				GCC_PREPROCESSOR_DEFINITIONS = (
					"DEBUG=1",
					"$(inherited)",
				);
				GCC_WARN_64_TO_32_BIT_CONVERSION = YES;
				GCC_WARN_ABOUT_RETURN_TYPE = YES_ERROR;
				GCC_WARN_UNDECLARED_SELECTOR = YES;
				GCC_WARN_UNINITIALIZED_AUTOS = YES_AGGRESSIVE;
				GCC_WARN_UNUSED_FUNCTION = YES;
				GCC_WARN_UNUSED_VARIABLE = YES;
				IPHONEOS_DEPLOYMENT_TARGET = 17.0;
				LOCALIZATION_PREFERS_STRING_CATALOGS = YES;
				MTL_ENABLE_DEBUG_INFO = INCLUDE_SOURCE;
				MTL_FAST_MATH = YES;
				ONLY_ACTIVE_ARCH = YES;
				SDKROOT = iphoneos;
				SWIFT_ACTIVE_COMPILATION_CONDITIONS = "DEBUG $(inherited)";
				SWIFT_OPTIMIZATION_LEVEL = "-Onone";
			};
			name = Debug;
		};
		A1000036000000000000001 /* Release */ = {
			isa = XCBuildConfiguration;
			buildSettings = {
				ALWAYS_SEARCH_USER_PATHS = NO;
				ASSETCATALOG_COMPILER_GENERATE_SWIFT_ASSET_SYMBOL_EXTENSIONS = YES;
				CLANG_ANALYZER_NONNULL = YES;
				CLANG_ANALYZER_NUMBER_OBJECT_CONVERSION = YES_AGGRESSIVE;
				CLANG_CXX_LANGUAGE_STANDARD = "gnu++20";
				CLANG_ENABLE_MODULES = YES;
				CLANG_ENABLE_OBJC_ARC = YES;
				CLANG_ENABLE_OBJC_WEAK = YES;
				CLANG_WARN_BLOCK_CAPTURE_AUTORELEASING = YES;
				CLANG_WARN_BOOL_CONVERSION = YES;
				CLANG_WARN_COMMA = YES;
				CLANG_WARN_CONSTANT_CONVERSION = YES;
				CLANG_WARN_DEPRECATED_OBJC_IMPLEMENTATIONS = YES;
				CLANG_WARN_DIRECT_OBJC_ISA_USAGE = YES_ERROR;
				CLANG_WARN_DOCUMENTATION_COMMENTS = YES;
				CLANG_WARN_EMPTY_BODY = YES;
				CLANG_WARN_ENUM_CONVERSION = YES;
				CLANG_WARN_INFINITE_RECURSION = YES;
				CLANG_WARN_INT_CONVERSION = YES;
				CLANG_WARN_NON_LITERAL_NULL_CONVERSION = YES;
				CLANG_WARN_OBJC_IMPLICIT_RETAIN_SELF = YES;
				CLANG_WARN_OBJC_LITERAL_CONVERSION = YES;
				CLANG_WARN_OBJC_ROOT_CLASS = YES_ERROR;
				CLANG_WARN_QUOTED_INCLUDE_IN_FRAMEWORK_HEADER = YES;
				CLANG_WARN_RANGE_LOOP_ANALYSIS = YES;
				CLANG_WARN_STRICT_PROTOTYPES = YES;
				CLANG_WARN_SUSPICIOUS_MOVE = YES;
				CLANG_WARN_UNGUARDED_AVAILABILITY = YES_AGGRESSIVE;
				CLANG_WARN_UNREACHABLE_CODE = YES;
				CLANG_WARN__DUPLICATE_METHOD_MATCH = YES;
				COPY_PHASE_STRIP = NO;
				DEBUG_INFORMATION_FORMAT = "dwarf-with-dsym";
				ENABLE_NS_ASSERTIONS = NO;
				ENABLE_STRICT_OBJC_MSGSEND = YES;
				ENABLE_USER_SCRIPT_SANDBOXING = YES;
				GCC_C_LANGUAGE_STANDARD = gnu17;
				GCC_NO_COMMON_BLOCKS = YES;
				GCC_WARN_64_TO_32_BIT_CONVERSION = YES;
				GCC_WARN_ABOUT_RETURN_TYPE = YES_ERROR;
				GCC_WARN_UNDECLARED_SELECTOR = YES;
				GCC_WARN_UNINITIALIZED_AUTOS = YES_AGGRESSIVE;
				GCC_WARN_UNUSED_FUNCTION = YES;
				GCC_WARN_UNUSED_VARIABLE = YES;
				IPHONEOS_DEPLOYMENT_TARGET = 17.0;
				LOCALIZATION_PREFERS_STRING_CATALOGS = YES;
				MTL_ENABLE_DEBUG_INFO = NO;
				MTL_FAST_MATH = YES;
				SDKROOT = iphoneos;
				SWIFT_COMPILATION_MODE = wholemodule;
				VALIDATE_PRODUCT = YES;
			};
			name = Release;
		};
		A1000037000000000000001 /* Debug */ = {
			isa = XCBuildConfiguration;
			buildSettings = {
				ASSETCATALOG_COMPILER_APPICON_NAME = AppIcon;
				ASSETCATALOG_COMPILER_GLOBAL_ACCENT_COLOR_NAME = AccentColor;
				CODE_SIGN_ENTITLEMENTS = Mori/Mori.entitlements;
				CODE_SIGN_STYLE = Automatic;
				CURRENT_PROJECT_VERSION = 6;
				DEVELOPMENT_ASSET_PATHS = "\"Mori/Preview Content\"";
				DEVELOPMENT_TEAM = NP667JFK84;
				ENABLE_PREVIEWS = YES;
				GENERATE_INFOPLIST_FILE = YES;
				INFOPLIST_FILE = Mori/Info.plist;
				INFOPLIST_KEY_CFBundleDisplayName = Mori;
				INFOPLIST_KEY_LSSupportsOpeningDocumentsInPlace = YES;
				INFOPLIST_KEY_NSCalendarsUsageDescription = "This app needs calendar access to help you manage your schedule and answer questions about your events.";
				INFOPLIST_KEY_NSMicrophoneUsageDescription = "This app needs microphone access to record voice messages for AI chat.";
				INFOPLIST_KEY_UIApplicationSupportsIndirectInputEvents = YES;
				INFOPLIST_KEY_UIRequiredDeviceCapabilities = armv7;
				INFOPLIST_KEY_UIStatusBarStyle = "";
				INFOPLIST_KEY_UISupportedInterfaceOrientations = "UIInterfaceOrientationLandscapeLeft UIInterfaceOrientationLandscapeRight UIInterfaceOrientationPortrait";
				INFOPLIST_KEY_UISupportedInterfaceOrientations_iPad = "UIInterfaceOrientationLandscapeLeft UIInterfaceOrientationLandscapeRight UIInterfaceOrientationPortrait UIInterfaceOrientationPortraitUpsideDown";
				IPHONEOS_DEPLOYMENT_TARGET = 17.0;
				LD_RUNPATH_SEARCH_PATHS = (
					"$(inherited)",
					"@executable_path/Frameworks",
				);
				MARKETING_VERSION = 0.1.4;
				PRODUCT_BUNDLE_IDENTIFIER = com.meogic.mori;
				PRODUCT_NAME = "$(TARGET_NAME)";
				SWIFT_EMIT_LOC_STRINGS = YES;
				SWIFT_VERSION = 5.0;
				TARGETED_DEVICE_FAMILY = "1,2";
			};
			name = Debug;
		};
		A1000038000000000000001 /* Release */ = {
			isa = XCBuildConfiguration;
			buildSettings = {
				ASSETCATALOG_COMPILER_APPICON_NAME = AppIcon;
				ASSETCATALOG_COMPILER_GLOBAL_ACCENT_COLOR_NAME = AccentColor;
				CODE_SIGN_ENTITLEMENTS = Mori/Mori.entitlements;
				CODE_SIGN_STYLE = Automatic;
				CURRENT_PROJECT_VERSION = 6;
				DEVELOPMENT_ASSET_PATHS = "\"Mori/Preview Content\"";
				DEVELOPMENT_TEAM = NP667JFK84;
				ENABLE_PREVIEWS = YES;
				GENERATE_INFOPLIST_FILE = YES;
				INFOPLIST_FILE = Mori/Info.plist;
				INFOPLIST_KEY_CFBundleDisplayName = Mori;
				INFOPLIST_KEY_LSSupportsOpeningDocumentsInPlace = YES;
				INFOPLIST_KEY_NSCalendarsUsageDescription = "This app needs calendar access to help you manage your schedule and answer questions about your events.";
				INFOPLIST_KEY_NSMicrophoneUsageDescription = "This app needs microphone access to record voice messages for AI chat.";
				INFOPLIST_KEY_UIApplicationSupportsIndirectInputEvents = YES;
				INFOPLIST_KEY_UIRequiredDeviceCapabilities = armv7;
				INFOPLIST_KEY_UIStatusBarStyle = "";
				INFOPLIST_KEY_UISupportedInterfaceOrientations = "UIInterfaceOrientationLandscapeLeft UIInterfaceOrientationLandscapeRight UIInterfaceOrientationPortrait";
				INFOPLIST_KEY_UISupportedInterfaceOrientations_iPad = "UIInterfaceOrientationLandscapeLeft UIInterfaceOrientationLandscapeRight UIInterfaceOrientationPortrait UIInterfaceOrientationPortraitUpsideDown";
				IPHONEOS_DEPLOYMENT_TARGET = 17.0;
				LD_RUNPATH_SEARCH_PATHS = (
					"$(inherited)",
					"@executable_path/Frameworks",
				);
				MARKETING_VERSION = 0.1.4;
				PRODUCT_BUNDLE_IDENTIFIER = com.meogic.mori;
				PRODUCT_NAME = "$(TARGET_NAME)";
				SWIFT_EMIT_LOC_STRINGS = YES;
				SWIFT_VERSION = 5.0;
				TARGETED_DEVICE_FAMILY = "1,2";
			};
			name = Release;
		};
/* End XCBuildConfiguration section */

/* Begin XCConfigurationList section */
		20F224182DF1EAE40046CA52 /* Build configuration list for PBXNativeTarget "MoriTests" */ = {
			isa = XCConfigurationList;
			buildConfigurations = (
				20F224192DF1EAE40046CA52 /* Debug */,
				20F2241A2DF1EAE40046CA52 /* Release */,
			);
			defaultConfigurationIsVisible = 0;
			defaultConfigurationName = Release;
		};
		A1000030000000000000001 /* Build configuration list for PBXNativeTarget "Mori" */ = {
			isa = XCConfigurationList;
			buildConfigurations = (
				A1000037000000000000001 /* Debug */,
				A1000038000000000000001 /* Release */,
			);
			defaultConfigurationIsVisible = 0;
			defaultConfigurationName = Release;
		};
		A1000034000000000000001 /* Build configuration list for PBXProject "Mori" */ = {
			isa = XCConfigurationList;
			buildConfigurations = (
				A1000035000000000000001 /* Debug */,
				A1000036000000000000001 /* Release */,
			);
			defaultConfigurationIsVisible = 0;
			defaultConfigurationName = Release;
		};
/* End XCConfigurationList section */

/* Begin XCRemoteSwiftPackageReference section */
		202D169F2E0FD77300493124 /* XCRemoteSwiftPackageReference "swift-markdown-ui" */ = {
			isa = XCRemoteSwiftPackageReference;
			repositoryURL = "https://github.com/gonzalezreal/swift-markdown-ui";
			requirement = {
				kind = upToNextMajorVersion;
				minimumVersion = 2.4.1;
			};
		};
/* End XCRemoteSwiftPackageReference section */

/* Begin XCSwiftPackageProductDependency section */
		202D16A02E0FD7DD00493124 /* MarkdownUI */ = {
			isa = XCSwiftPackageProductDependency;
			package = 202D169F2E0FD77300493124 /* XCRemoteSwiftPackageReference "swift-markdown-ui" */;
			productName = MarkdownUI;
		};
/* End XCSwiftPackageProductDependency section */
	};
	rootObject = A1000033000000000000001 /* Project object */;
}
